
Microsoft Visual Studio Solution File, Format Version 12.00
# Visual Studio 15
Project("{FAE04EC0-301F-11D3-BF4B-00C04F79EFBC}") = "Bot.Android", "Bot.Android\Bot.Android.csproj", "{8048947D-20E9-48C9-AE54-F55BC61F01F4}"
EndProject
Project("{FAE04EC0-301F-11D3-BF4B-00C04F79EFBC}") = "Bot.iOS", "Bot.iOS\Bot.iOS.csproj", "{F46804DA-007A-4BAF-8B12-40EF9EA21C5D}"
EndProject
Project("{FAE04EC0-301F-11D3-BF4B-00C04F79EFBC}") = "Bot", "Bot\Bot.csproj", "{6AFDB646-FB02-41C0-943C-15093CC860AD}"
EndProject
Global
	GlobalSection(SolutionConfigurationPlatforms) = preSolution
		Debug|Any CPU = Debug|Any CPU
		Release|Any CPU = Release|Any CPU
		Debug|iPhoneSimulator = Debug|iPhoneSimulator
		Release|iPhoneSimulator = Release|iPhoneSimulator
		Debug|iPhone = Debug|iPhone
		Release|iPhone = Release|iPhone
		Ad-Hoc|iPhone = Ad-Hoc|iPhone
		AppStore|iPhone = AppStore|iPhone
	EndGlobalSection
	GlobalSection(ProjectConfigurationPlatforms) = postSolution
		{8048947D-20E9-48C9-AE54-F55BC61F01F4}.Debug|Any CPU.ActiveCfg = Debug|Any CPU
		{8048947D-20E9-48C9-AE54-F55BC61F01F4}.Debug|Any CPU.Build.0 = Debug|Any CPU
		{8048947D-20E9-48C9-AE54-F55BC61F01F4}.Release|Any CPU.ActiveCfg = Release|Any CPU
		{8048947D-20E9-48C9-AE54-F55BC61F01F4}.Release|Any CPU.Build.0 = Release|Any CPU
		{8048947D-20E9-48C9-AE54-F55BC61F01F4}.Debug|iPhoneSimulator.ActiveCfg = Debug|Any CPU
		{8048947D-20E9-48C9-AE54-F55BC61F01F4}.Debug|iPhoneSimulator.Build.0 = Debug|Any CPU
		{8048947D-20E9-48C9-AE54-F55BC61F01F4}.Release|iPhoneSimulator.ActiveCfg = Release|Any CPU
		{8048947D-20E9-48C9-AE54-F55BC61F01F4}.Release|iPhoneSimulator.Build.0 = Release|Any CPU
		{8048947D-20E9-48C9-AE54-F55BC61F01F4}.Debug|iPhone.ActiveCfg = Debug|Any CPU
		{8048947D-20E9-48C9-AE54-F55BC61F01F4}.Debug|iPhone.Build.0 = Debug|Any CPU
		{8048947D-20E9-48C9-AE54-F55BC61F01F4}.Release|iPhone.ActiveCfg = Release|Any CPU
		{8048947D-20E9-48C9-AE54-F55BC61F01F4}.Release|iPhone.Build.0 = Release|Any CPU
		{8048947D-20E9-48C9-AE54-F55BC61F01F4}.Ad-Hoc|iPhone.ActiveCfg = Debug|Any CPU
		{8048947D-20E9-48C9-AE54-F55BC61F01F4}.Ad-Hoc|iPhone.Build.0 = Debug|Any CPU
		{8048947D-20E9-48C9-AE54-F55BC61F01F4}.AppStore|iPhone.ActiveCfg = Debug|Any CPU
		{8048947D-20E9-48C9-AE54-F55BC61F01F4}.AppStore|iPhone.Build.0 = Debug|Any CPU
		{F46804DA-007A-4BAF-8B12-40EF9EA21C5D}.Debug|Any CPU.ActiveCfg = Debug|iPhoneSimulator
		{F46804DA-007A-4BAF-8B12-40EF9EA21C5D}.Debug|Any CPU.Build.0 = Debug|iPhoneSimulator
		{F46804DA-007A-4BAF-8B12-40EF9EA21C5D}.Release|Any CPU.ActiveCfg = Release|iPhoneSimulator
		{F46804DA-007A-4BAF-8B12-40EF9EA21C5D}.Release|Any CPU.Build.0 = Release|iPhoneSimulator
		{F46804DA-007A-4BAF-8B12-40EF9EA21C5D}.Debug|iPhoneSimulator.ActiveCfg = Debug|iPhoneSimulator
		{F46804DA-007A-4BAF-8B12-40EF9EA21C5D}.Debug|iPhoneSimulator.Build.0 = Debug|iPhoneSimulator
		{F46804DA-007A-4BAF-8B12-40EF9EA21C5D}.Release|iPhoneSimulator.ActiveCfg = Release|iPhoneSimulator
		{F46804DA-007A-4BAF-8B12-40EF9EA21C5D}.Release|iPhoneSimulator.Build.0 = Release|iPhoneSimulator
		{F46804DA-007A-4BAF-8B12-40EF9EA21C5D}.Debug|iPhone.ActiveCfg = Debug|iPhone
		{F46804DA-007A-4BAF-8B12-40EF9EA21C5D}.Debug|iPhone.Build.0 = Debug|iPhone
		{F46804DA-007A-4BAF-8B12-40EF9EA21C5D}.Release|iPhone.ActiveCfg = Release|iPhone
		{F46804DA-007A-4BAF-8B12-40EF9EA21C5D}.Release|iPhone.Build.0 = Release|iPhone
		{F46804DA-007A-4BAF-8B12-40EF9EA21C5D}.Ad-Hoc|iPhone.ActiveCfg = Ad-Hoc|iPhone
		{F46804DA-007A-4BAF-8B12-40EF9EA21C5D}.Ad-Hoc|iPhone.Build.0 = Ad-Hoc|iPhone
		{F46804DA-007A-4BAF-8B12-40EF9EA21C5D}.AppStore|iPhone.ActiveCfg = AppStore|iPhone
		{F46804DA-007A-4BAF-8B12-40EF9EA21C5D}.AppStore|iPhone.Build.0 = AppStore|iPhone
		{6AFDB646-FB02-41C0-943C-15093CC860AD}.Debug|Any CPU.ActiveCfg = Debug|Any CPU
		{6AFDB646-FB02-41C0-943C-15093CC860AD}.Debug|Any CPU.Build.0 = Debug|Any CPU
		{6AFDB646-FB02-41C0-943C-15093CC860AD}.Release|Any CPU.ActiveCfg = Release|Any CPU
		{6AFDB646-FB02-41C0-943C-15093CC860AD}.Release|Any CPU.Build.0 = Release|Any CPU
		{6AFDB646-FB02-41C0-943C-15093CC860AD}.Debug|iPhoneSimulator.ActiveCfg = Debug|Any CPU
		{6AFDB646-FB02-41C0-943C-15093CC860AD}.Debug|iPhoneSimulator.Build.0 = Debug|Any CPU
		{6AFDB646-FB02-41C0-943C-15093CC860AD}.Release|iPhoneSimulator.ActiveCfg = Release|Any CPU
		{6AFDB646-FB02-41C0-943C-15093CC860AD}.Release|iPhoneSimulator.Build.0 = Release|Any CPU
		{6AFDB646-FB02-41C0-943C-15093CC860AD}.Debug|iPhone.ActiveCfg = Debug|Any CPU
		{6AFDB646-FB02-41C0-943C-15093CC860AD}.Debug|iPhone.Build.0 = Debug|Any CPU
		{6AFDB646-FB02-41C0-943C-15093CC860AD}.Release|iPhone.ActiveCfg = Release|Any CPU
		{6AFDB646-FB02-41C0-943C-15093CC860AD}.Release|iPhone.Build.0 = Release|Any CPU
		{6AFDB646-FB02-41C0-943C-15093CC860AD}.Ad-Hoc|iPhone.ActiveCfg = Debug|Any CPU
		{6AFDB646-FB02-41C0-943C-15093CC860AD}.Ad-Hoc|iPhone.Build.0 = Debug|Any CPU
		{6AFDB646-FB02-41C0-943C-15093CC860AD}.AppStore|iPhone.ActiveCfg = Debug|Any CPU
		{6AFDB646-FB02-41C0-943C-15093CC860AD}.AppStore|iPhone.Build.0 = Debug|Any CPU
	EndGlobalSection
EndGlobal
